hash: 1110447b451b275e25abf8aed483861dbc1754d2d853bca4d057317fd019897a
updated: 2017-10-10T14:08:02.5323032+02:00
imports:
- name: github.com/boltdb/bolt
  version: 2f1ce7a837dcb8da3ec595b1dac9d0632f0f99e8
- name: github.com/pkg/errors
  version: 645ef00459ed84a119197bfb8d8205042c6df63d
- name: golang.org/x/crypto
  version: faadfbdc035307d901e69eea569f5dda451a3ee3
  subpackages:
  - ssh/terminal
- name: golang.org/x/sys
  version: 062cd7e4e68206d8bab9b18396626e855c992658
  subpackages:
  - unix
  - windows
testImports: []
